// !$*UTF8*$!
{
	archiveVersion = 1;
	classes = {
	};
	objectVersion = 50;
	objects = {

/* Begin PBXBuildFile section */
		518E51D7250120E00023D77C /* AppDelegate.swift in Sources */ = {isa = PBXBuildFile; fileRef = 518E51D6250120E00023D77C /* AppDelegate.swift */; };
		518E51D9250120E00023D77C /* SceneDelegate.swift in Sources */ = {isa = PBXBuildFile; fileRef = 518E51D8250120E00023D77C /* SceneDelegate.swift */; };
		518E51DB250120E00023D77C /* ContentView.swift in Sources */ = {isa = PBXBuildFile; fileRef = 518E51DA250120E00023D77C /* ContentView.swift */; };
		518E51DD250120E20023D77C /* Assets.xcassets in Resources */ = {isa = PBXBuildFile; fileRef = 518E51DC250120E20023D77C /* Assets.xcassets */; };
		518E51E0250120E20023D77C /* Preview Assets.xcassets in Resources */ = {isa = PBXBuildFile; fileRef = 518E51DF250120E20023D77C /* Preview Assets.xcassets */; };
		518E51E3250120E20023D77C /* LaunchScreen.storyboard in Resources */ = {isa = PBXBuildFile; fileRef = 518E51E1250120E20023D77C /* LaunchScreen.storyboard */; };
		518E51EB250121B50023D77C /* UserModel.swift in Sources */ = {isa = PBXBuildFile; fileRef = 518E51EA250121B50023D77C /* UserModel.swift */; };
		518E51EE250122350023D77C /* AppleIdButton.swift in Sources */ = {isa = PBXBuildFile; fileRef = 518E51ED250122350023D77C /* AppleIdButton.swift */; };
		51A72C22250126CF00BB69B0 /* ViewModel.swift in Sources */ = {isa = PBXBuildFile; fileRef = 51A72C21250126CF00BB69B0 /* ViewModel.swift */; };
		51A72C27250128EC00BB69B0 /* HomeView.swift in Sources */ = {isa = PBXBuildFile; fileRef = 51A72C26250128EC00BB69B0 /* HomeView.swift */; };
/* End PBXBuildFile section */

/* Begin PBXFileReference section */
		518E51D3250120E00023D77C /* SwiftUI_20_AppleIdLogin.app */ = {isa = PBXFileReference; explicitFileType = wrapper.application; includeInIndex = 0; path = SwiftUI_20_AppleIdLogin.app; sourceTree = BUILT_PRODUCTS_DIR; };
		518E51D6250120E00023D77C /* AppDelegate.swift */ = {isa = PBXFileReference; lastKnownFileType = sourcecode.swift; path = AppDelegate.swift; sourceTree = "<group>"; };
		518E51D8250120E00023D77C /* SceneDelegate.swift */ = {isa = PBXFileReference; lastKnownFileType = sourcecode.swift; path = SceneDelegate.swift; sourceTree = "<group>"; };
		518E51DA250120E00023D77C /* ContentView.swift */ = {isa = PBXFileReference; lastKnownFileType = sourcecode.swift; path = ContentView.swift; sourceTree = "<group>"; };
		518E51DC250120E20023D77C /* Assets.xcassets */ = {isa = PBXFileReference; lastKnownFileType = folder.assetcatalog; path = Assets.xcassets; sourceTree = "<group>"; };
		518E51DF250120E20023D77C /* Preview Assets.xcassets */ = {isa = PBXFileReference; lastKnownFileType = folder.assetcatalog; path = "Preview Assets.xcassets"; sourceTree = "<group>"; };
		518E51E2250120E20023D77C /* Base */ = {isa = PBXFileReference; lastKnownFileType = file.storyboard; name = Base; path = Base.lproj/LaunchScreen.storyboard; sourceTree = "<group>"; };
		518E51E4250120E20023D77C /* Info.plist */ = {isa = PBXFileReference; lastKnownFileType = text.plist.xml; path = Info.plist; sourceTree = "<group>"; };
		518E51EA250121B50023D77C /* UserModel.swift */ = {isa = PBXFileReference; lastKnownFileType = sourcecode.swift; path = UserModel.swift; sourceTree = "<group>"; };
		518E51ED250122350023D77C /* AppleIdButton.swift */ = {isa = PBXFileReference; lastKnownFileType = sourcecode.swift; path = AppleIdButton.swift; sourceTree = "<group>"; };
		51A72C21250126CF00BB69B0 /* ViewModel.swift */ = {isa = PBXFileReference; lastKnownFileType = sourcecode.swift; path = ViewModel.swift; sourceTree = "<group>"; };
		51A72C23250128BA00BB69B0 /* SwiftUI_20_AppleIdLogin.entitlements */ = {isa = PBXFileReference; lastKnownFileType = text.plist.entitlements; path = SwiftUI_20_AppleIdLogin.entitlements; sourceTree = "<group>"; };
		51A72C26250128EC00BB69B0 /* HomeView.swift */ = {isa = PBXFileReference; lastKnownFileType = sourcecode.swift; path = HomeView.swift; sourceTree = "<group>"; };
/* End PBXFileReference section */

/* Begin PBXFrameworksBuildPhase section */
		518E51D0250120E00023D77C /* Frameworks */ = {
			isa = PBXFrameworksBuildPhase;
			buildActionMask = 2147483647;
			files = (
			);
			runOnlyForDeploymentPostprocessing = 0;
		};
/* End PBXFrameworksBuildPhase section */

/* Begin PBXGroup section */
		518E51CA250120E00023D77C = {
			isa = PBXGroup;
			children = (
				518E51D5250120E00023D77C /* SwiftUI_20_AppleIdLogin */,
				518E51D4250120E00023D77C /* Products */,
			);
			sourceTree = "<group>";
		};
		518E51D4250120E00023D77C /* Products */ = {
			isa = PBXGroup;
			children = (
				518E51D3250120E00023D77C /* SwiftUI_20_AppleIdLogin.app */,
			);
			name = Products;
			sourceTree = "<group>";
		};
		518E51D5250120E00023D77C /* SwiftUI_20_AppleIdLogin */ = {
			isa = PBXGroup;
			children = (
				51A72C23250128BA00BB69B0 /* SwiftUI_20_AppleIdLogin.entitlements */,
				518E51D6250120E00023D77C /* AppDelegate.swift */,
				518E51D8250120E00023D77C /* SceneDelegate.swift */,
				518E51DA250120E00023D77C /* ContentView.swift */,
				518E51ED250122350023D77C /* AppleIdButton.swift */,
				51A72C26250128EC00BB69B0 /* HomeView.swift */,
				51A72C20250126BF00BB69B0 /* ViewModel */,
				518E51EC2501221D0023D77C /* Model */,
				518E51DC250120E20023D77C /* Assets.xcassets */,
				518E51E1250120E20023D77C /* LaunchScreen.storyboard */,
				518E51E4250120E20023D77C /* Info.plist */,
				518E51DE250120E20023D77C /* Preview Content */,
			);
			path = SwiftUI_20_AppleIdLogin;
			sourceTree = "<group>";
		};
		518E51DE250120E20023D77C /* Preview Content */ = {
			isa = PBXGroup;
			children = (
				518E51DF250120E20023D77C /* Preview Assets.xcassets */,
			);
			path = "Preview Content";
			sourceTree = "<group>";
		};
		518E51EC2501221D0023D77C /* Model */ = {
			isa = PBXGroup;
			children = (
				518E51EA250121B50023D77C /* UserModel.swift */,
			);
			path = Model;
			sourceTree = "<group>";
		};
		51A72C20250126BF00BB69B0 /* ViewModel */ = {
			isa = PBXGroup;
			children = (
				51A72C21250126CF00BB69B0 /* ViewModel.swift */,
			);
			path = ViewModel;
			sourceTree = "<group>";
		};
/* End PBXGroup section */

/* Begin PBXNativeTarget section */
		518E51D2250120E00023D77C /* SwiftUI_20_AppleIdLogin */ = {
			isa = PBXNativeTarget;
			buildConfigurationList = 518E51E7250120E20023D77C /* Build configuration list for PBXNativeTarget "SwiftUI_20_AppleIdLogin" */;
			buildPhases = (
				518E51CF250120E00023D77C /* Sources */,
				518E51D0250120E00023D77C /* Frameworks */,
				518E51D1250120E00023D77C /* Resources */,
			);
			buildRules = (
			);
			dependencies = (
			);
			name = SwiftUI_20_AppleIdLogin;
			productName = SwiftUI_20_AppleIdLogin;
			productReference = 518E51D3250120E00023D77C /* SwiftUI_20_AppleIdLogin.app */;
			productType = "com.apple.product-type.application";
		};
/* End PBXNativeTarget section */

/* Begin PBXProject section */
		518E51CB250120E00023D77C /* Project object */ = {
			isa = PBXProject;
			attributes = {
				LastSwiftUpdateCheck = 1160;
				LastUpgradeCheck = 1160;
				ORGANIZATIONNAME = Alan;
				TargetAttributes = {
					518E51D2250120E00023D77C = {
						CreatedOnToolsVersion = 11.6;
					};
				};
			};
			buildConfigurationList = 518E51CE250120E00023D77C /* Build configuration list for PBXProject "SwiftUI_20_AppleIdLogin" */;
			compatibilityVersion = "Xcode 9.3";
			developmentRegion = en;
			hasScannedForEncodings = 0;
			knownRegions = (
				en,
				Base,
			);
			mainGroup = 518E51CA250120E00023D77C;
			productRefGroup = 518E51D4250120E00023D77C /* Products */;
			projectDirPath = "";
			projectRoot = "";
			targets = (
				518E51D2250120E00023D77C /* SwiftUI_20_AppleIdLogin */,
			);
		};
/* End PBXProject section */

/* Begin PBXResourcesBuildPhase section */
		518E51D1250120E00023D77C /* Resources */ = {
			isa = PBXResourcesBuildPhase;
			buildActionMask = 2147483647;
			files = (
				518E51E3250120E20023D77C /* LaunchScreen.storyboard in Resources */,
				518E51E0250120E20023D77C /* Preview Assets.xcassets in Resources */,
				518E51DD250120E20023D77C /* Assets.xcassets in Resources */,
			);
			runOnlyForDeploymentPostprocessing = 0;
		};
/* End PBXResourcesBuildPhase section */

/* Begin PBXSourcesBuildPhase section */
		518E51CF250120E00023D77C /* Sources */ = {
			isa = PBXSourcesBuildPhase;
			buildActionMask = 2147483647;
			files = (
				518E51D7250120E00023D77C /* AppDelegate.swift in Sources */,
				51A72C27250128EC00BB69B0 /* HomeView.swift in Sources */,
				518E51D9250120E00023D77C /* SceneDelegate.swift in Sources */,
				518E51EB250121B50023D77C /* UserModel.swift in Sources */,
				518E51DB250120E00023D77C /* ContentView.swift in Sources */,
				51A72C22250126CF00BB69B0 /* ViewModel.swift in Sources */,
				518E51EE250122350023D77C /* AppleIdButton.swift in Sources */,
			);
			runOnlyForDeploymentPostprocessing = 0;
		};
/* End PBXSourcesBuildPhase section */

/* Begin PBXVariantGroup section */
		518E51E1250120E20023D77C /* LaunchScreen.storyboard */ = {
			isa = PBXVariantGroup;
			children = (
				518E51E2250120E20023D77C /* Base */,
			);
			name = LaunchScreen.storyboard;
			sourceTree = "<group>";
		};
/* End PBXVariantGroup section */

/* Begin XCBuildConfiguration section */
		518E51E5250120E20023D77C /* Debug */ = {
			isa = XCBuildConfiguration;
			buildSettings = {
				ALWAYS_SEARCH_USER_PATHS = NO;
				CLANG_ANALYZER_NONNULL = YES;
				CLANG_ANALYZER_NUMBER_OBJECT_CONVERSION = YES_AGGRESSIVE;
				CLANG_CXX_LANGUAGE_STANDARD = "gnu++14";
				CLANG_CXX_LIBRARY = "libc++";
				CLANG_ENABLE_MODULES = YES;
				CLANG_ENABLE_OBJC_ARC = YES;
				CLANG_ENABLE_OBJC_WEAK = YES;
				CLANG_WARN_BLOCK_CAPTURE_AUTORELEASING = YES;
				CLANG_WARN_BOOL_CONVERSION = YES;
				CLANG_WARN_COMMA = YES;
				CLANG_WARN_CONSTANT_CONVERSION = YES;
				CLANG_WARN_DEPRECATED_OBJC_IMPLEMENTATIONS = YES;
				CLANG_WARN_DIRECT_OBJC_ISA_USAGE = YES_ERROR;
				CLANG_WARN_DOCUMENTATION_COMMENTS = YES;
				CLANG_WARN_EMPTY_BODY = YES;
				CLANG_WARN_ENUM_CONVERSION = YES;
				CLANG_WARN_INFINITE_RECURSION = YES;
				CLANG_WARN_INT_CONVERSION = YES;
				CLANG_WARN_NON_LITERAL_NULL_CONVERSION = YES;
				CLANG_WARN_OBJC_IMPLICIT_RETAIN_SELF = YES;
				CLANG_WARN_OBJC_LITERAL_CONVERSION = YES;
				CLANG_WARN_OBJC_ROOT_CLASS = YES_ERROR;
				CLANG_WARN_RANGE_LOOP_ANALYSIS = YES;
				CLANG_WARN_STRICT_PROTOTYPES = YES;
				CLANG_WARN_SUSPICIOUS_MOVE = YES;
				CLANG_WARN_UNGUARDED_AVAILABILITY = YES_AGGRESSIVE;
				CLANG_WARN_UNREACHABLE_CODE = YES;
				CLANG_WARN__DUPLICATE_METHOD_MATCH = YES;
				COPY_PHASE_STRIP = NO;
				DEBUG_INFORMATION_FORMAT = dwarf;
				ENABLE_STRICT_OBJC_MSGSEND = YES;
				ENABLE_TESTABILITY = YES;
				GCC_C_LANGUAGE_STANDARD = gnu11;
				GCC_DYNAMIC_NO_PIC = NO;
				GCC_NO_COMMON_BLOCKS = YES;
				GCC_OPTIMIZATION_LEVEL = 0;
				GCC_PREPROCESSOR_DEFINITIONS = (
					"DEBUG=1",
					"$(inherited)",
				);
				GCC_WARN_64_TO_32_BIT_CONVERSION = YES;
				GCC_WARN_ABOUT_RETURN_TYPE = YES_ERROR;
				GCC_WARN_UNDECLARED_SELECTOR = YES;
				GCC_WARN_UNINITIALIZED_AUTOS = YES_AGGRESSIVE;
				GCC_WARN_UNUSED_FUNCTION = YES;
				GCC_WARN_UNUSED_VARIABLE = YES;
				IPHONEOS_DEPLOYMENT_TARGET = 13.6;
				MTL_ENABLE_DEBUG_INFO = INCLUDE_SOURCE;
				MTL_FAST_MATH = YES;
				ONLY_ACTIVE_ARCH = YES;
				SDKROOT = iphoneos;
				SWIFT_ACTIVE_COMPILATION_CONDITIONS = DEBUG;
				SWIFT_OPTIMIZATION_LEVEL = "-Onone";
			};
			name = Debug;
		};
		518E51E6250120E20023D77C /* Release */ = {
			isa = XCBuildConfiguration;
			buildSettings = {
				ALWAYS_SEARCH_USER_PATHS = NO;
				CLANG_ANALYZER_NONNULL = YES;
				CLANG_ANALYZER_NUMBER_OBJECT_CONVERSION = YES_AGGRESSIVE;
				CLANG_CXX_LANGUAGE_STANDARD = "gnu++14";
				CLANG_CXX_LIBRARY = "libc++";
				CLANG_ENABLE_MODULES = YES;
				CLANG_ENABLE_OBJC_ARC = YES;
				CLANG_ENABLE_OBJC_WEAK = YES;
				CLANG_WARN_BLOCK_CAPTURE_AUTORELEASING = YES;
				CLANG_WARN_BOOL_CONVERSION = YES;
				CLANG_WARN_COMMA = YES;
				CLANG_WARN_CONSTANT_CONVERSION = YES;
				CLANG_WARN_DEPRECATED_OBJC_IMPLEMENTATIONS = YES;
				CLANG_WARN_DIRECT_OBJC_ISA_USAGE = YES_ERROR;
				CLANG_WARN_DOCUMENTATION_COMMENTS = YES;
				CLANG_WARN_EMPTY_BODY = YES;
				CLANG_WARN_ENUM_CONVERSION = YES;
				CLANG_WARN_INFINITE_RECURSION = YES;
				CLANG_WARN_INT_CONVERSION = YES;
				CLANG_WARN_NON_LITERAL_NULL_CONVERSION = YES;
				CLANG_WARN_OBJC_IMPLICIT_RETAIN_SELF = YES;
				CLANG_WARN_OBJC_LITERAL_CONVERSION = YES;
				CLANG_WARN_OBJC_ROOT_CLASS = YES_ERROR;
				CLANG_WARN_RANGE_LOOP_ANALYSIS = YES;
				CLANG_WARN_STRICT_PROTOTYPES = YES;
				CLANG_WARN_SUSPICIOUS_MOVE = YES;
				CLANG_WARN_UNGUARDED_AVAILABILITY = YES_AGGRESSIVE;
				CLANG_WARN_UNREACHABLE_CODE = YES;
				CLANG_WARN__DUPLICATE_METHOD_MATCH = YES;
				COPY_PHASE_STRIP = NO;
				DEBUG_INFORMATION_FORMAT = "dwarf-with-dsym";
				ENABLE_NS_ASSERTIONS = NO;
				ENABLE_STRICT_OBJC_MSGSEND = YES;
				GCC_C_LANGUAGE_STANDARD = gnu11;
				GCC_NO_COMMON_BLOCKS = YES;
				GCC_WARN_64_TO_32_BIT_CONVERSION = YES;
				GCC_WARN_ABOUT_RETURN_TYPE = YES_ERROR;
				GCC_WARN_UNDECLARED_SELECTOR = YES;
				GCC_WARN_UNINITIALIZED_AUTOS = YES_AGGRESSIVE;
				GCC_WARN_UNUSED_FUNCTION = YES;
				GCC_WARN_UNUSED_VARIABLE = YES;
				IPHONEOS_DEPLOYMENT_TARGET = 13.6;
				MTL_ENABLE_DEBUG_INFO = NO;
				MTL_FAST_MATH = YES;
				SDKROOT = iphoneos;
				SWIFT_COMPILATION_MODE = wholemodule;
				SWIFT_OPTIMIZATION_LEVEL = "-O";
				VALIDATE_PRODUCT = YES;
			};
			name = Release;
		};
		518E51E8250120E20023D77C /* Debug */ = {
			isa = XCBuildConfiguration;
			buildSettings = {
				ASSETCATALOG_COMPILER_APPICON_NAME = AppIcon;
				CODE_SIGN_ENTITLEMENTS = SwiftUI_20_AppleIdLogin/SwiftUI_20_AppleIdLogin.entitlements;
				CODE_SIGN_IDENTITY = "Apple Development";
				CODE_SIGN_STYLE = Manual;
				DEVELOPMENT_ASSET_PATHS = "\"SwiftUI_20_AppleIdLogin/Preview Content\"";
				DEVELOPMENT_TEAM = "";
				ENABLE_PREVIEWS = YES;
				INFOPLIST_FILE = SwiftUI_20_AppleIdLogin/Info.plist;
				LD_RUNPATH_SEARCH_PATHS = (
					"$(inherited)",
					"@executable_path/Frameworks",
				);
				PRODUCT_BUNDLE_IDENTIFIER = "com.alancasasarevalo-gmail.SwiftUI-20-AppleIdLogin";
				PRODUCT_NAME = "$(TARGET_NAME)";
				PROVISIONING_PROFILE_SPECIFIER = "";
				SWIFT_VERSION = 5.0;
				TARGETED_DEVICE_FAMILY = "1,2";
			};
			name = Debug;
		};
		518E51E9250120E20023D77C /* Release */ = {
			isa = XCBuildConfiguration;
			buildSettings = {
				ASSETCATALOG_COMPILER_APPICON_NAME = AppIcon;
				CODE_SIGN_ENTITLEMENTS = SwiftUI_20_AppleIdLogin/SwiftUI_20_AppleIdLogin.entitlements;
				CODE_SIGN_IDENTITY = "Apple Development";
				CODE_SIGN_STYLE = Manual;
				DEVELOPMENT_ASSET_PATHS = "\"SwiftUI_20_AppleIdLogin/Preview Content\"";
				DEVELOPMENT_TEAM = "";
				ENABLE_PREVIEWS = YES;
				INFOPLIST_FILE = SwiftUI_20_AppleIdLogin/Info.plist;
				LD_RUNPATH_SEARCH_PATHS = (
					"$(inherited)",
					"@executable_path/Frameworks",
				);
				PRODUCT_BUNDLE_IDENTIFIER = "com.alancasasarevalo-gmail.SwiftUI-20-AppleIdLogin";
				PRODUCT_NAME = "$(TARGET_NAME)";
				PROVISIONING_PROFILE_SPECIFIER = "";
				SWIFT_VERSION = 5.0;
				TARGETED_DEVICE_FAMILY = "1,2";
			};
			name = Release;
		};
/* End XCBuildConfiguration section */

/* Begin XCConfigurationList section */
		518E51CE250120E00023D77C /* Build configuration list for PBXProject "SwiftUI_20_AppleIdLogin" */ = {
			isa = XCConfigurationList;
			buildConfigurations = (
				518E51E5250120E20023D77C /* Debug */,
				518E51E6250120E20023D77C /* Release */,
			);
			defaultConfigurationIsVisible = 0;
			defaultConfigurationName = Release;
		};
		518E51E7250120E20023D77C /* Build configuration list for PBXNativeTarget "SwiftUI_20_AppleIdLogin" */ = {
			isa = XCConfigurationList;
			buildConfigurations = (
				518E51E8250120E20023D77C /* Debug */,
				518E51E9250120E20023D77C /* Release */,
			);
			defaultConfigurationIsVisible = 0;
			defaultConfigurationName = Release;
		};
/* End XCConfigurationList section */
	};
	rootObject = 518E51CB250120E00023D77C /* Project object */;
}
